// !$*UTF8*$!
{
	archiveVersion = 1;
	classes = {
	};
	objectVersion = 46;
	objects = {

/* Begin PBXBuildFile section */
		095255AD1E0D6B8F00A4229B /* main.cpp in Sources */ = {isa = PBXBuildFile; fileRef = 095255AC1E0D6B8F00A4229B /* main.cpp */; };
		095255B51E0D6C8900A4229B /* GameController.cpp in Sources */ = {isa = PBXBuildFile; fileRef = 095255B31E0D6C8900A4229B /* GameController.cpp */; };
		095255B71E0D6D5E00A4229B /* OpenGL.framework in Frameworks */ = {isa = PBXBuildFile; fileRef = 095255B61E0D6D5E00A4229B /* OpenGL.framework */; };
		095255B91E0D6D6900A4229B /* libSOIL.dylib in Frameworks */ = {isa = PBXBuildFile; fileRef = 095255B81E0D6D6900A4229B /* libSOIL.dylib */; };
		095255BB1E0D6D7700A4229B /* libGLEW.2.0.0.dylib in Frameworks */ = {isa = PBXBuildFile; fileRef = 095255BA1E0D6D7700A4229B /* libGLEW.2.0.0.dylib */; };
		095255BD1E0D6D8000A4229B /* libglfw3.3.2.dylib in Frameworks */ = {isa = PBXBuildFile; fileRef = 095255BC1E0D6D8000A4229B /* libglfw3.3.2.dylib */; };
		095255C11E0D6FA000A4229B /* Shader.cpp in Sources */ = {isa = PBXBuildFile; fileRef = 095255BF1E0D6FA000A4229B /* Shader.cpp */; };
		095255C71E0D752300A4229B /* Texture2D.cpp in Sources */ = {isa = PBXBuildFile; fileRef = 095255C51E0D752300A4229B /* Texture2D.cpp */; };
		095255CA1E0D787A00A4229B /* ResourceManager.cpp in Sources */ = {isa = PBXBuildFile; fileRef = 095255C81E0D787A00A4229B /* ResourceManager.cpp */; };
		095255D11E0D814A00A4229B /* SpriteRenderer.cpp in Sources */ = {isa = PBXBuildFile; fileRef = 095255CF1E0D814A00A4229B /* SpriteRenderer.cpp */; };
		095255D41E0EA46200A4229B /* GameObject.cpp in Sources */ = {isa = PBXBuildFile; fileRef = 095255D21E0EA46200A4229B /* GameObject.cpp */; };
		095255D71E0EA70000A4229B /* GameLevel.cpp in Sources */ = {isa = PBXBuildFile; fileRef = 095255D51E0EA70000A4229B /* GameLevel.cpp */; };
		095255E41E0F1C2800A4229B /* Ball.cpp in Sources */ = {isa = PBXBuildFile; fileRef = 095255E21E0F1C2800A4229B /* Ball.cpp */; };
		095255E71E10F22A00A4229B /* Particle.cpp in Sources */ = {isa = PBXBuildFile; fileRef = 095255E51E10F22A00A4229B /* Particle.cpp */; };
/* End PBXBuildFile section */

/* Begin PBXCopyFilesBuildPhase section */
		095255A71E0D6B8F00A4229B /* CopyFiles */ = {
			isa = PBXCopyFilesBuildPhase;
			buildActionMask = 2147483647;
			dstPath = /usr/share/man/man1/;
			dstSubfolderSpec = 0;
			files = (
			);
			runOnlyForDeploymentPostprocessing = 1;
		};
/* End PBXCopyFilesBuildPhase section */

/* Begin PBXFileReference section */
		095255A91E0D6B8F00A4229B /* OpenGLBreakout */ = {isa = PBXFileReference; explicitFileType = "compiled.mach-o.executable"; includeInIndex = 0; path = OpenGLBreakout; sourceTree = BUILT_PRODUCTS_DIR; };
		095255AC1E0D6B8F00A4229B /* main.cpp */ = {isa = PBXFileReference; lastKnownFileType = sourcecode.cpp.cpp; path = main.cpp; sourceTree = "<group>"; };
		095255B31E0D6C8900A4229B /* GameController.cpp */ = {isa = PBXFileReference; fileEncoding = 4; lastKnownFileType = sourcecode.cpp.cpp; path = GameController.cpp; sourceTree = "<group>"; };
		095255B41E0D6C8900A4229B /* GameController.hpp */ = {isa = PBXFileReference; fileEncoding = 4; lastKnownFileType = sourcecode.cpp.h; path = GameController.hpp; sourceTree = "<group>"; };
		095255B61E0D6D5E00A4229B /* OpenGL.framework */ = {isa = PBXFileReference; lastKnownFileType = wrapper.framework; name = OpenGL.framework; path = System/Library/Frameworks/OpenGL.framework; sourceTree = SDKROOT; };
		095255B81E0D6D6900A4229B /* libSOIL.dylib */ = {isa = PBXFileReference; lastKnownFileType = "compiled.mach-o.dylib"; name = libSOIL.dylib; path = /opt/local/lib/libSOIL.dylib; sourceTree = "<absolute>"; };
		095255BA1E0D6D7700A4229B /* libGLEW.2.0.0.dylib */ = {isa = PBXFileReference; lastKnownFileType = "compiled.mach-o.dylib"; name = libGLEW.2.0.0.dylib; path = /usr/local/Cellar/glew/2.0.0/lib/libGLEW.2.0.0.dylib; sourceTree = "<absolute>"; };
		095255BC1E0D6D8000A4229B /* libglfw3.3.2.dylib */ = {isa = PBXFileReference; lastKnownFileType = "compiled.mach-o.dylib"; name = libglfw3.3.2.dylib; path = /usr/local/Cellar/glfw3/3.2.1/lib/libglfw3.3.2.dylib; sourceTree = "<absolute>"; };
		095255BF1E0D6FA000A4229B /* Shader.cpp */ = {isa = PBXFileReference; fileEncoding = 4; lastKnownFileType = sourcecode.cpp.cpp; path = Shader.cpp; sourceTree = "<group>"; };
		095255C01E0D6FA000A4229B /* Shader.hpp */ = {isa = PBXFileReference; fileEncoding = 4; lastKnownFileType = sourcecode.cpp.h; path = Shader.hpp; sourceTree = "<group>"; };
		095255C51E0D752300A4229B /* Texture2D.cpp */ = {isa = PBXFileReference; fileEncoding = 4; lastKnownFileType = sourcecode.cpp.cpp; path = Texture2D.cpp; sourceTree = "<group>"; };
		095255C61E0D752300A4229B /* Texture2D.hpp */ = {isa = PBXFileReference; fileEncoding = 4; lastKnownFileType = sourcecode.cpp.h; path = Texture2D.hpp; sourceTree = "<group>"; };
		095255C81E0D787A00A4229B /* ResourceManager.cpp */ = {isa = PBXFileReference; fileEncoding = 4; lastKnownFileType = sourcecode.cpp.cpp; path = ResourceManager.cpp; sourceTree = "<group>"; };
		095255C91E0D787A00A4229B /* ResourceManager.hpp */ = {isa = PBXFileReference; fileEncoding = 4; lastKnownFileType = sourcecode.cpp.h; path = ResourceManager.hpp; sourceTree = "<group>"; };
		095255CD1E0D80EE00A4229B /* sprite.frag */ = {isa = PBXFileReference; fileEncoding = 4; lastKnownFileType = sourcecode.glsl; path = sprite.frag; sourceTree = "<group>"; };
		095255CE1E0D80EE00A4229B /* sprite.vs */ = {isa = PBXFileReference; fileEncoding = 4; lastKnownFileType = sourcecode.glsl; path = sprite.vs; sourceTree = "<group>"; };
		095255CF1E0D814A00A4229B /* SpriteRenderer.cpp */ = {isa = PBXFileReference; fileEncoding = 4; lastKnownFileType = sourcecode.cpp.cpp; path = SpriteRenderer.cpp; sourceTree = "<group>"; };
		095255D01E0D814A00A4229B /* SpriteRenderer.hpp */ = {isa = PBXFileReference; fileEncoding = 4; lastKnownFileType = sourcecode.cpp.h; path = SpriteRenderer.hpp; sourceTree = "<group>"; };
		095255D21E0EA46200A4229B /* GameObject.cpp */ = {isa = PBXFileReference; fileEncoding = 4; lastKnownFileType = sourcecode.cpp.cpp; path = GameObject.cpp; sourceTree = "<group>"; };
		095255D31E0EA46200A4229B /* GameObject.hpp */ = {isa = PBXFileReference; fileEncoding = 4; lastKnownFileType = sourcecode.cpp.h; path = GameObject.hpp; sourceTree = "<group>"; };
		095255D51E0EA70000A4229B /* GameLevel.cpp */ = {isa = PBXFileReference; fileEncoding = 4; lastKnownFileType = sourcecode.cpp.cpp; path = GameLevel.cpp; sourceTree = "<group>"; };
		095255D61E0EA70000A4229B /* GameLevel.hpp */ = {isa = PBXFileReference; fileEncoding = 4; lastKnownFileType = sourcecode.cpp.h; path = GameLevel.hpp; sourceTree = "<group>"; };
		095255D91E0EABED00A4229B /* four.lvl */ = {isa = PBXFileReference; fileEncoding = 4; lastKnownFileType = text; path = four.lvl; sourceTree = "<group>"; };
		095255DA1E0EABED00A4229B /* one.lvl */ = {isa = PBXFileReference; fileEncoding = 4; lastKnownFileType = text; path = one.lvl; sourceTree = "<group>"; };
		095255DB1E0EABED00A4229B /* three.lvl */ = {isa = PBXFileReference; fileEncoding = 4; lastKnownFileType = text; path = three.lvl; sourceTree = "<group>"; };
		095255DC1E0EABED00A4229B /* two.lvl */ = {isa = PBXFileReference; fileEncoding = 4; lastKnownFileType = text; path = two.lvl; sourceTree = "<group>"; };
		095255DE1E0EAC0300A4229B /* monsterface.png */ = {isa = PBXFileReference; lastKnownFileType = image.png; path = monsterface.png; sourceTree = "<group>"; };
		095255E01E0EAC1400A4229B /* block_solid.png */ = {isa = PBXFileReference; lastKnownFileType = image.png; path = block_solid.png; sourceTree = "<group>"; };
		095255E11E0EAC1400A4229B /* block.png */ = {isa = PBXFileReference; lastKnownFileType = image.png; path = block.png; sourceTree = "<group>"; };
		095255E21E0F1C2800A4229B /* Ball.cpp */ = {isa = PBXFileReference; fileEncoding = 4; lastKnownFileType = sourcecode.cpp.cpp; path = Ball.cpp; sourceTree = "<group>"; };
		095255E31E0F1C2800A4229B /* Ball.hpp */ = {isa = PBXFileReference; fileEncoding = 4; lastKnownFileType = sourcecode.cpp.h; path = Ball.hpp; sourceTree = "<group>"; };
		095255E51E10F22A00A4229B /* Particle.cpp */ = {isa = PBXFileReference; fileEncoding = 4; lastKnownFileType = sourcecode.cpp.cpp; path = Particle.cpp; sourceTree = "<group>"; };
		095255E61E10F22A00A4229B /* Particle.hpp */ = {isa = PBXFileReference; fileEncoding = 4; lastKnownFileType = sourcecode.cpp.h; path = Particle.hpp; sourceTree = "<group>"; };
		095255E81E10F98700A4229B /* particle.frag */ = {isa = PBXFileReference; fileEncoding = 4; lastKnownFileType = sourcecode.glsl; path = particle.frag; sourceTree = "<group>"; };
		095255E91E10F98700A4229B /* particle.vs */ = {isa = PBXFileReference; fileEncoding = 4; lastKnownFileType = sourcecode.glsl; path = particle.vs; sourceTree = "<group>"; };
/* End PBXFileReference section */

/* Begin PBXFrameworksBuildPhase section */
		095255A61E0D6B8F00A4229B /* Frameworks */ = {
			isa = PBXFrameworksBuildPhase;
			buildActionMask = 2147483647;
			files = (
				095255BD1E0D6D8000A4229B /* libglfw3.3.2.dylib in Frameworks */,
				095255BB1E0D6D7700A4229B /* libGLEW.2.0.0.dylib in Frameworks */,
				095255B91E0D6D6900A4229B /* libSOIL.dylib in Frameworks */,
				095255B71E0D6D5E00A4229B /* OpenGL.framework in Frameworks */,
			);
			runOnlyForDeploymentPostprocessing = 0;
		};
/* End PBXFrameworksBuildPhase section */

/* Begin PBXGroup section */
		095255A01E0D6B8F00A4229B = {
			isa = PBXGroup;
			children = (
				095255BE1E0D6D8700A4229B /* Libs */,
				095255AB1E0D6B8F00A4229B /* OpenGLBreakout */,
				095255AA1E0D6B8F00A4229B /* Products */,
			);
			sourceTree = "<group>";
		};
		095255AA1E0D6B8F00A4229B /* Products */ = {
			isa = PBXGroup;
			children = (
				095255A91E0D6B8F00A4229B /* OpenGLBreakout */,
			);
			name = Products;
			sourceTree = "<group>";
		};
		095255AB1E0D6B8F00A4229B /* OpenGLBreakout */ = {
			isa = PBXGroup;
			children = (
				095255DD1E0EABF100A4229B /* Textures */,
				095255D81E0EAA1C00A4229B /* Levels */,
				095255CC1E0D803900A4229B /* Shaders */,
				095255CB1E0D802900A4229B /* Engines */,
				095255AC1E0D6B8F00A4229B /* main.cpp */,
				095255E21E0F1C2800A4229B /* Ball.cpp */,
				095255E31E0F1C2800A4229B /* Ball.hpp */,
			);
			path = OpenGLBreakout;
			sourceTree = "<group>";
		};
		095255BE1E0D6D8700A4229B /* Libs */ = {
			isa = PBXGroup;
			children = (
				095255BC1E0D6D8000A4229B /* libglfw3.3.2.dylib */,
				095255BA1E0D6D7700A4229B /* libGLEW.2.0.0.dylib */,
				095255B81E0D6D6900A4229B /* libSOIL.dylib */,
				095255B61E0D6D5E00A4229B /* OpenGL.framework */,
			);
			name = Libs;
			sourceTree = "<group>";
		};
		095255CB1E0D802900A4229B /* Engines */ = {
			isa = PBXGroup;
			children = (
				095255B31E0D6C8900A4229B /* GameController.cpp */,
				095255B41E0D6C8900A4229B /* GameController.hpp */,
				095255BF1E0D6FA000A4229B /* Shader.cpp */,
				095255C01E0D6FA000A4229B /* Shader.hpp */,
				095255C51E0D752300A4229B /* Texture2D.cpp */,
				095255C61E0D752300A4229B /* Texture2D.hpp */,
				095255C81E0D787A00A4229B /* ResourceManager.cpp */,
				095255C91E0D787A00A4229B /* ResourceManager.hpp */,
				095255CF1E0D814A00A4229B /* SpriteRenderer.cpp */,
				095255D01E0D814A00A4229B /* SpriteRenderer.hpp */,
				095255D21E0EA46200A4229B /* GameObject.cpp */,
				095255D31E0EA46200A4229B /* GameObject.hpp */,
				095255D51E0EA70000A4229B /* GameLevel.cpp */,
				095255D61E0EA70000A4229B /* GameLevel.hpp */,
				095255E51E10F22A00A4229B /* Particle.cpp */,
				095255E61E10F22A00A4229B /* Particle.hpp */,
			);
			name = Engines;
			sourceTree = "<group>";
		};
		095255CC1E0D803900A4229B /* Shaders */ = {
			isa = PBXGroup;
			children = (
				095255E81E10F98700A4229B /* particle.frag */,
				095255E91E10F98700A4229B /* particle.vs */,
				095255CD1E0D80EE00A4229B /* sprite.frag */,
				095255CE1E0D80EE00A4229B /* sprite.vs */,
			);
			name = Shaders;
			sourceTree = "<group>";
		};
		095255D81E0EAA1C00A4229B /* Levels */ = {
			isa = PBXGroup;
			children = (
				095255D91E0EABED00A4229B /* four.lvl */,
				095255DA1E0EABED00A4229B /* one.lvl */,
				095255DB1E0EABED00A4229B /* three.lvl */,
				095255DC1E0EABED00A4229B /* two.lvl */,
			);
			name = Levels;
			sourceTree = "<group>";
		};
		095255DD1E0EABF100A4229B /* Textures */ = {
			isa = PBXGroup;
			children = (
				095255E01E0EAC1400A4229B /* block_solid.png */,
				095255E11E0EAC1400A4229B /* block.png */,
				095255DE1E0EAC0300A4229B /* monsterface.png */,
			);
			name = Textures;
			sourceTree = "<group>";
		};
/* End PBXGroup section */

/* Begin PBXNativeTarget section */
		095255A81E0D6B8F00A4229B /* OpenGLBreakout */ = {
			isa = PBXNativeTarget;
			buildConfigurationList = 095255B01E0D6B8F00A4229B /* Build configuration list for PBXNativeTarget "OpenGLBreakout" */;
			buildPhases = (
				095255A51E0D6B8F00A4229B /* Sources */,
				095255A61E0D6B8F00A4229B /* Frameworks */,
				095255A71E0D6B8F00A4229B /* CopyFiles */,
			);
			buildRules = (
			);
			dependencies = (
			);
			name = OpenGLBreakout;
			productName = OpenGLBreakout;
			productReference = 095255A91E0D6B8F00A4229B /* OpenGLBreakout */;
			productType = "com.apple.product-type.tool";
		};
/* End PBXNativeTarget section */

/* Begin PBXProject section */
		095255A11E0D6B8F00A4229B /* Project object */ = {
			isa = PBXProject;
			attributes = {
				LastUpgradeCheck = 0730;
				ORGANIZATIONNAME = "梅宇宸";
				TargetAttributes = {
					095255A81E0D6B8F00A4229B = {
						CreatedOnToolsVersion = 7.3.1;
					};
				};
			};
			buildConfigurationList = 095255A41E0D6B8F00A4229B /* Build configuration list for PBXProject "OpenGLBreakout" */;
			compatibilityVersion = "Xcode 3.2";
			developmentRegion = English;
			hasScannedForEncodings = 0;
			knownRegions = (
				en,
			);
			mainGroup = 095255A01E0D6B8F00A4229B;
			productRefGroup = 095255AA1E0D6B8F00A4229B /* Products */;
			projectDirPath = "";
			projectRoot = "";
			targets = (
				095255A81E0D6B8F00A4229B /* OpenGLBreakout */,
			);
		};
/* End PBXProject section */

/* Begin PBXSourcesBuildPhase section */
		095255A51E0D6B8F00A4229B /* Sources */ = {
			isa = PBXSourcesBuildPhase;
			buildActionMask = 2147483647;
			files = (
				095255E41E0F1C2800A4229B /* Ball.cpp in Sources */,
				095255E71E10F22A00A4229B /* Particle.cpp in Sources */,
				095255D71E0EA70000A4229B /* GameLevel.cpp in Sources */,
				095255CA1E0D787A00A4229B /* ResourceManager.cpp in Sources */,
				095255AD1E0D6B8F00A4229B /* main.cpp in Sources */,
				095255C71E0D752300A4229B /* Texture2D.cpp in Sources */,
				095255D11E0D814A00A4229B /* SpriteRenderer.cpp in Sources */,
				095255C11E0D6FA000A4229B /* Shader.cpp in Sources */,
				095255B51E0D6C8900A4229B /* GameController.cpp in Sources */,
				095255D41E0EA46200A4229B /* GameObject.cpp in Sources */,
			);
			runOnlyForDeploymentPostprocessing = 0;
		};
/* End PBXSourcesBuildPhase section */

/* Begin XCBuildConfiguration section */
		095255AE1E0D6B8F00A4229B /* Debug */ = {
			isa = XCBuildConfiguration;
			buildSettings = {
				ALWAYS_SEARCH_USER_PATHS = NO;
				CLANG_ANALYZER_NONNULL = YES;
				CLANG_CXX_LANGUAGE_STANDARD = "gnu++0x";
				CLANG_CXX_LIBRARY = "libc++";
				CLANG_ENABLE_MODULES = YES;
				CLANG_ENABLE_OBJC_ARC = YES;
				CLANG_WARN_BOOL_CONVERSION = YES;
				CLANG_WARN_CONSTANT_CONVERSION = YES;
				CLANG_WARN_DIRECT_OBJC_ISA_USAGE = YES_ERROR;
				CLANG_WARN_EMPTY_BODY = YES;
				CLANG_WARN_ENUM_CONVERSION = YES;
				CLANG_WARN_INT_CONVERSION = YES;
				CLANG_WARN_OBJC_ROOT_CLASS = YES_ERROR;
				CLANG_WARN_UNREACHABLE_CODE = YES;
				CLANG_WARN__DUPLICATE_METHOD_MATCH = YES;
				CODE_SIGN_IDENTITY = "-";
				COPY_PHASE_STRIP = NO;
				DEBUG_INFORMATION_FORMAT = dwarf;
				ENABLE_STRICT_OBJC_MSGSEND = YES;
				ENABLE_TESTABILITY = YES;
				GCC_C_LANGUAGE_STANDARD = gnu99;
				GCC_DYNAMIC_NO_PIC = NO;
				GCC_NO_COMMON_BLOCKS = YES;
				GCC_OPTIMIZATION_LEVEL = 0;
				GCC_PREPROCESSOR_DEFINITIONS = (
					"DEBUG=1",
					"$(inherited)",
				);
				GCC_WARN_64_TO_32_BIT_CONVERSION = YES;
				GCC_WARN_ABOUT_RETURN_TYPE = YES_ERROR;
				GCC_WARN_UNDECLARED_SELECTOR = YES;
				GCC_WARN_UNINITIALIZED_AUTOS = YES_AGGRESSIVE;
				GCC_WARN_UNUSED_FUNCTION = YES;
				GCC_WARN_UNUSED_VARIABLE = YES;
				MACOSX_DEPLOYMENT_TARGET = 10.11;
				MTL_ENABLE_DEBUG_INFO = YES;
				ONLY_ACTIVE_ARCH = YES;
				SDKROOT = macosx;
			};
			name = Debug;
		};
		095255AF1E0D6B8F00A4229B /* Release */ = {
			isa = XCBuildConfiguration;
			buildSettings = {
				ALWAYS_SEARCH_USER_PATHS = NO;
				CLANG_ANALYZER_NONNULL = YES;
				CLANG_CXX_LANGUAGE_STANDARD = "gnu++0x";
				CLANG_CXX_LIBRARY = "libc++";
				CLANG_ENABLE_MODULES = YES;
				CLANG_ENABLE_OBJC_ARC = YES;
				CLANG_WARN_BOOL_CONVERSION = YES;
				CLANG_WARN_CONSTANT_CONVERSION = YES;
				CLANG_WARN_DIRECT_OBJC_ISA_USAGE = YES_ERROR;
				CLANG_WARN_EMPTY_BODY = YES;
				CLANG_WARN_ENUM_CONVERSION = YES;
				CLANG_WARN_INT_CONVERSION = YES;
				CLANG_WARN_OBJC_ROOT_CLASS = YES_ERROR;
				CLANG_WARN_UNREACHABLE_CODE = YES;
				CLANG_WARN__DUPLICATE_METHOD_MATCH = YES;
				CODE_SIGN_IDENTITY = "-";
				COPY_PHASE_STRIP = NO;
				DEBUG_INFORMATION_FORMAT = "dwarf-with-dsym";
				ENABLE_NS_ASSERTIONS = NO;
				ENABLE_STRICT_OBJC_MSGSEND = YES;
				GCC_C_LANGUAGE_STANDARD = gnu99;
				GCC_NO_COMMON_BLOCKS = YES;
				GCC_WARN_64_TO_32_BIT_CONVERSION = YES;
				GCC_WARN_ABOUT_RETURN_TYPE = YES_ERROR;
				GCC_WARN_UNDECLARED_SELECTOR = YES;
				GCC_WARN_UNINITIALIZED_AUTOS = YES_AGGRESSIVE;
				GCC_WARN_UNUSED_FUNCTION = YES;
				GCC_WARN_UNUSED_VARIABLE = YES;
				MACOSX_DEPLOYMENT_TARGET = 10.11;
				MTL_ENABLE_DEBUG_INFO = NO;
				SDKROOT = macosx;
			};
			name = Release;
		};
		095255B11E0D6B8F00A4229B /* Debug */ = {
			isa = XCBuildConfiguration;
			buildSettings = {
				HEADER_SEARCH_PATHS = (
					/usr/local/include,
					/opt/local/include,
				);
				LIBRARY_SEARCH_PATHS = (
					"$(inherited)",
					/opt/local/lib,
					/usr/local/Cellar/glew/2.0.0/lib,
					/usr/local/Cellar/glfw3/3.2.1/lib,
				);
				PRODUCT_NAME = "$(TARGET_NAME)";
			};
			name = Debug;
		};
		095255B21E0D6B8F00A4229B /* Release */ = {
			isa = XCBuildConfiguration;
			buildSettings = {
				HEADER_SEARCH_PATHS = (
					/usr/local/include,
					/opt/local/include,
				);
				LIBRARY_SEARCH_PATHS = (
					"$(inherited)",
					/opt/local/lib,
					/usr/local/Cellar/glew/2.0.0/lib,
					/usr/local/Cellar/glfw3/3.2.1/lib,
				);
				PRODUCT_NAME = "$(TARGET_NAME)";
			};
			name = Release;
		};
/* End XCBuildConfiguration section */

/* Begin XCConfigurationList section */
		095255A41E0D6B8F00A4229B /* Build configuration list for PBXProject "OpenGLBreakout" */ = {
			isa = XCConfigurationList;
			buildConfigurations = (
				095255AE1E0D6B8F00A4229B /* Debug */,
				095255AF1E0D6B8F00A4229B /* Release */,
			);
			defaultConfigurationIsVisible = 0;
			defaultConfigurationName = Release;
		};
		095255B01E0D6B8F00A4229B /* Build configuration list for PBXNativeTarget "OpenGLBreakout" */ = {
			isa = XCConfigurationList;
			buildConfigurations = (
				095255B11E0D6B8F00A4229B /* Debug */,
				095255B21E0D6B8F00A4229B /* Release */,
			);
			defaultConfigurationIsVisible = 0;
			defaultConfigurationName = Release;
		};
/* End XCConfigurationList section */
	};
	rootObject = 095255A11E0D6B8F00A4229B /* Project object */;
}
